
Microsoft Visual Studio Solution File, Format Version 12.00
# Visual Studio Version 17
VisualStudioVersion = 17.11.35327.3
MinimumVisualStudioVersion = 10.0.40219.1
Project("{FAE04EC0-301F-11D3-BF4B-00C04F79EFBC}") = "FormBuilder", "FormBuilder.csproj", "{20E306FB-929B-4836-9675-EFD95EDD2C03}"
EndProject
Project("{FAE04EC0-301F-11D3-BF4B-00C04F79EFBC}") = "FormBuilder.Core", "..\FormBuilder.Core\FormBuilder.Core.csproj", "{138827CC-2E75-4C7C-B758-69AEF4E3B518}"
EndProject
Project("{FAE04EC0-301F-11D3-BF4B-00C04F79EFBC}") = "FormBuilder.Tests", "..\FormBuilder.Tests\FormBuilder.Tests.csproj", "{47F21B0E-E304-4CE3-B3BF-311E7EF9FF5A}"
EndProject
Global
	GlobalSection(SolutionConfigurationPlatforms) = preSolution
		Debug|Any CPU = Debug|Any CPU
		Release|Any CPU = Release|Any CPU
	EndGlobalSection
	GlobalSection(ProjectConfigurationPlatforms) = postSolution
		{20E306FB-929B-4836-9675-EFD95EDD2C03}.Debug|Any CPU.ActiveCfg = Debug|Any CPU
		{20E306FB-929B-4836-9675-EFD95EDD2C03}.Debug|Any CPU.Build.0 = Debug|Any CPU
		{20E306FB-929B-4836-9675-EFD95EDD2C03}.Release|Any CPU.ActiveCfg = Release|Any CPU
		{20E306FB-929B-4836-9675-EFD95EDD2C03}.Release|Any CPU.Build.0 = Release|Any CPU
		{138827CC-2E75-4C7C-B758-69AEF4E3B518}.Debug|Any CPU.ActiveCfg = Debug|Any CPU
		{138827CC-2E75-4C7C-B758-69AEF4E3B518}.Debug|Any CPU.Build.0 = Debug|Any CPU
		{138827CC-2E75-4C7C-B758-69AEF4E3B518}.Release|Any CPU.ActiveCfg = Release|Any CPU
		{138827CC-2E75-4C7C-B758-69AEF4E3B518}.Release|Any CPU.Build.0 = Release|Any CPU
		{47F21B0E-E304-4CE3-B3BF-311E7EF9FF5A}.Debug|Any CPU.ActiveCfg = Debug|Any CPU
		{47F21B0E-E304-4CE3-B3BF-311E7EF9FF5A}.Debug|Any CPU.Build.0 = Debug|Any CPU
		{47F21B0E-E304-4CE3-B3BF-311E7EF9FF5A}.Release|Any CPU.ActiveCfg = Release|Any CPU
		{47F21B0E-E304-4CE3-B3BF-311E7EF9FF5A}.Release|Any CPU.Build.0 = Release|Any CPU
	EndGlobalSection
	GlobalSection(SolutionProperties) = preSolution
		HideSolutionNode = FALSE
	EndGlobalSection
	GlobalSection(ExtensibilityGlobals) = postSolution
		SolutionGuid = {0DA09269-E869-41F4-A798-9E8B3A22E8F9}
	EndGlobalSection
EndGlobal
